
Microsoft Visual Studio Solution File, Format Version 12.00
# Visual Studio Version 17
VisualStudioVersion = 17.5.2.0
MinimumVisualStudioVersion = 10.0.40219.1
Project("{FAE04EC0-301F-11D3-BF4B-00C04F79EFBC}") = "mc", "mc\mc.csproj", "{46DE5168-6389-D75D-77DF-E885F65C93FE}"
EndProject
Project("{FAE04EC0-301F-11D3-BF4B-00C04F79EFBC}") = "Minsk", "Minsk\Minsk.csproj", "{17104380-7B85-4574-8DA7-6A98E2EE356F}"
EndProject
Project("{FAE04EC0-301F-11D3-BF4B-00C04F79EFBC}") = "Minsk.Tests", "Minsk.Tests\Minsk.Tests.csproj", "{090BB98F-56C8-4232-A6EC-210B0904A084}"
EndProject
Global
	GlobalSection(SolutionConfigurationPlatforms) = preSolution
		Debug|Any CPU = Debug|Any CPU
		Debug|x64 = Debug|x64
		Debug|x86 = Debug|x86
		Release|Any CPU = Release|Any CPU
		Release|x64 = Release|x64
		Release|x86 = Release|x86
	EndGlobalSection
	GlobalSection(ProjectConfigurationPlatforms) = postSolution
		{46DE5168-6389-D75D-77DF-E885F65C93FE}.Debug|Any CPU.ActiveCfg = Debug|Any CPU
		{46DE5168-6389-D75D-77DF-E885F65C93FE}.Debug|Any CPU.Build.0 = Debug|Any CPU
		{46DE5168-6389-D75D-77DF-E885F65C93FE}.Debug|x64.ActiveCfg = Debug|Any CPU
		{46DE5168-6389-D75D-77DF-E885F65C93FE}.Debug|x64.Build.0 = Debug|Any CPU
		{46DE5168-6389-D75D-77DF-E885F65C93FE}.Debug|x86.ActiveCfg = Debug|Any CPU
		{46DE5168-6389-D75D-77DF-E885F65C93FE}.Debug|x86.Build.0 = Debug|Any CPU
		{46DE5168-6389-D75D-77DF-E885F65C93FE}.Release|Any CPU.ActiveCfg = Release|Any CPU
		{46DE5168-6389-D75D-77DF-E885F65C93FE}.Release|Any CPU.Build.0 = Release|Any CPU
		{46DE5168-6389-D75D-77DF-E885F65C93FE}.Release|x64.ActiveCfg = Release|Any CPU
		{46DE5168-6389-D75D-77DF-E885F65C93FE}.Release|x64.Build.0 = Release|Any CPU
		{46DE5168-6389-D75D-77DF-E885F65C93FE}.Release|x86.ActiveCfg = Release|Any CPU
		{46DE5168-6389-D75D-77DF-E885F65C93FE}.Release|x86.Build.0 = Release|Any CPU
		{17104380-7B85-4574-8DA7-6A98E2EE356F}.Debug|Any CPU.ActiveCfg = Debug|Any CPU
		{17104380-7B85-4574-8DA7-6A98E2EE356F}.Debug|Any CPU.Build.0 = Debug|Any CPU
		{17104380-7B85-4574-8DA7-6A98E2EE356F}.Debug|x64.ActiveCfg = Debug|Any CPU
		{17104380-7B85-4574-8DA7-6A98E2EE356F}.Debug|x64.Build.0 = Debug|Any CPU
		{17104380-7B85-4574-8DA7-6A98E2EE356F}.Debug|x86.ActiveCfg = Debug|Any CPU
		{17104380-7B85-4574-8DA7-6A98E2EE356F}.Debug|x86.Build.0 = Debug|Any CPU
		{17104380-7B85-4574-8DA7-6A98E2EE356F}.Release|Any CPU.ActiveCfg = Release|Any CPU
		{17104380-7B85-4574-8DA7-6A98E2EE356F}.Release|Any CPU.Build.0 = Release|Any CPU
		{17104380-7B85-4574-8DA7-6A98E2EE356F}.Release|x64.ActiveCfg = Release|Any CPU
		{17104380-7B85-4574-8DA7-6A98E2EE356F}.Release|x64.Build.0 = Release|Any CPU
		{17104380-7B85-4574-8DA7-6A98E2EE356F}.Release|x86.ActiveCfg = Release|Any CPU
		{17104380-7B85-4574-8DA7-6A98E2EE356F}.Release|x86.Build.0 = Release|Any CPU
		{090BB98F-56C8-4232-A6EC-210B0904A084}.Debug|Any CPU.ActiveCfg = Debug|Any CPU
		{090BB98F-56C8-4232-A6EC-210B0904A084}.Debug|Any CPU.Build.0 = Debug|Any CPU
		{090BB98F-56C8-4232-A6EC-210B0904A084}.Debug|x64.ActiveCfg = Debug|Any CPU
		{090BB98F-56C8-4232-A6EC-210B0904A084}.Debug|x64.Build.0 = Debug|Any CPU
		{090BB98F-56C8-4232-A6EC-210B0904A084}.Debug|x86.ActiveCfg = Debug|Any CPU
		{090BB98F-56C8-4232-A6EC-210B0904A084}.Debug|x86.Build.0 = Debug|Any CPU
		{090BB98F-56C8-4232-A6EC-210B0904A084}.Release|Any CPU.ActiveCfg = Release|Any CPU
		{090BB98F-56C8-4232-A6EC-210B0904A084}.Release|Any CPU.Build.0 = Release|Any CPU
		{090BB98F-56C8-4232-A6EC-210B0904A084}.Release|x64.ActiveCfg = Release|Any CPU
		{090BB98F-56C8-4232-A6EC-210B0904A084}.Release|x64.Build.0 = Release|Any CPU
		{090BB98F-56C8-4232-A6EC-210B0904A084}.Release|x86.ActiveCfg = Release|Any CPU
		{090BB98F-56C8-4232-A6EC-210B0904A084}.Release|x86.Build.0 = Release|Any CPU
	EndGlobalSection
	GlobalSection(SolutionProperties) = preSolution
		HideSolutionNode = FALSE
	EndGlobalSection
	GlobalSection(ExtensibilityGlobals) = postSolution
		SolutionGuid = {03FF9016-4518-4692-949C-7D99C597BC14}
	EndGlobalSection
EndGlobal
